
Microsoft Visual Studio Solution File, Format Version 12.00
# Visual Studio Version 17
VisualStudioVersion = 17.13.35919.96
MinimumVisualStudioVersion = 10.0.40219.1
Project("{FAE04EC0-301F-11D3-BF4B-00C04F79EFBC}") = "FTACADEMY_STUDENT_MANAGEMENT_API", "FTACADEMY_STUDENT_MANAGEMENT_API\FTACADEMY_STUDENT_MANAGEMENT_API.csproj", "{C64E38B4-14FB-4BE1-82A2-374DC69C9332}"
EndProject
Project("{FAE04EC0-301F-11D3-BF4B-00C04F79EFBC}") = "FTACADEMY_STUDENT_MANAGEMENT_APP", "..\TF_ACADEMY_STUDENT_MANAGEMENT_APP\FTACADEMY_STUDENT_MANAGEMENT_APP\FTACADEMY_STUDENT_MANAGEMENT_APP.csproj", "{BB48CB37-6D41-DD1D-DC25-EEA2B0C9D225}"
EndProject
Global
	GlobalSection(SolutionConfigurationPlatforms) = preSolution
		Debug|Any CPU = Debug|Any CPU
		Release|Any CPU = Release|Any CPU
	EndGlobalSection
	GlobalSection(ProjectConfigurationPlatforms) = postSolution
		{C64E38B4-14FB-4BE1-82A2-374DC69C9332}.Debug|Any CPU.ActiveCfg = Debug|Any CPU
		{C64E38B4-14FB-4BE1-82A2-374DC69C9332}.Debug|Any CPU.Build.0 = Debug|Any CPU
		{C64E38B4-14FB-4BE1-82A2-374DC69C9332}.Release|Any CPU.ActiveCfg = Release|Any CPU
		{C64E38B4-14FB-4BE1-82A2-374DC69C9332}.Release|Any CPU.Build.0 = Release|Any CPU
		{BB48CB37-6D41-DD1D-DC25-EEA2B0C9D225}.Debug|Any CPU.ActiveCfg = Debug|Any CPU
		{BB48CB37-6D41-DD1D-DC25-EEA2B0C9D225}.Debug|Any CPU.Build.0 = Debug|Any CPU
		{BB48CB37-6D41-DD1D-DC25-EEA2B0C9D225}.Release|Any CPU.ActiveCfg = Release|Any CPU
		{BB48CB37-6D41-DD1D-DC25-EEA2B0C9D225}.Release|Any CPU.Build.0 = Release|Any CPU
	EndGlobalSection
	GlobalSection(SolutionProperties) = preSolution
		HideSolutionNode = FALSE
	EndGlobalSection
	GlobalSection(ExtensibilityGlobals) = postSolution
		SolutionGuid = {396EB7E6-ADE5-44BA-9020-54C18C166843}
	EndGlobalSection
EndGlobal
